// !$*UTF8*$!
{
	archiveVersion = 1;
	classes = {
	};
	objectVersion = 46;
	objects = {

/* Begin PBXBuildFile section */
		271E2AB716C80436009D4CE2 /* ConferenceView.xib in Resources */ = {isa = PBXBuildFile; fileRef = 271E2AB616C80436009D4CE2 /* ConferenceView.xib */; };
		271E2ABA16C840A9009D4CE2 /* UBCodeType.m in Sources */ = {isa = PBXBuildFile; fileRef = 271E2AB916C840A8009D4CE2 /* UBCodeType.m */; };
		271E2ABD16C867A1009D4CE2 /* UBDatePickerViewController.m in Sources */ = {isa = PBXBuildFile; fileRef = 271E2ABC16C867A1009D4CE2 /* UBDatePickerViewController.m */; };
		271E2B0C16C95F3B009D4CE2 /* Default-Landscape@2x~ipad.png in Resources */ = {isa = PBXBuildFile; fileRef = 271E2B0B16C95F3A009D4CE2 /* Default-Landscape@2x~ipad.png */; };
		271E2B0E16C95F3F009D4CE2 /* Default-Landscape~ipad.png in Resources */ = {isa = PBXBuildFile; fileRef = 271E2B0D16C95F3F009D4CE2 /* Default-Landscape~ipad.png */; };
		271E2B1016C95F55009D4CE2 /* appicon~ipad.png in Resources */ = {isa = PBXBuildFile; fileRef = 271E2B0F16C95F55009D4CE2 /* appicon~ipad.png */; };
		271E2B1216C95F5C009D4CE2 /* appicon~ipad@2x.png in Resources */ = {isa = PBXBuildFile; fileRef = 271E2B1116C95F5B009D4CE2 /* appicon~ipad@2x.png */; };
		27ABD4F216C995870051411E /* DWTagList.m in Sources */ = {isa = PBXBuildFile; fileRef = 27ABD4F116C995870051411E /* DWTagList.m */; };
		27ABD4F316C995870051411E /* DWTagList.m in Sources */ = {isa = PBXBuildFile; fileRef = 27ABD4F116C995870051411E /* DWTagList.m */; };
		860268DA16B9811D002C6577 /* UIKit.framework in Frameworks */ = {isa = PBXBuildFile; fileRef = 860268D916B9811D002C6577 /* UIKit.framework */; };
		860268DC16B9811D002C6577 /* Foundation.framework in Frameworks */ = {isa = PBXBuildFile; fileRef = 860268DB16B9811D002C6577 /* Foundation.framework */; };
		860268DE16B9811D002C6577 /* CoreGraphics.framework in Frameworks */ = {isa = PBXBuildFile; fileRef = 860268DD16B9811D002C6577 /* CoreGraphics.framework */; };
		860268E016B9811D002C6577 /* CoreData.framework in Frameworks */ = {isa = PBXBuildFile; fileRef = 860268DF16B9811D002C6577 /* CoreData.framework */; };
		860268E616B9811D002C6577 /* InfoPlist.strings in Resources */ = {isa = PBXBuildFile; fileRef = 860268E416B9811D002C6577 /* InfoPlist.strings */; };
		860268E816B9811D002C6577 /* main.m in Sources */ = {isa = PBXBuildFile; fileRef = 860268E716B9811D002C6577 /* main.m */; };
		860268EC16B9811D002C6577 /* UBAppDelegate.m in Sources */ = {isa = PBXBuildFile; fileRef = 860268EB16B9811D002C6577 /* UBAppDelegate.m */; };
		860268EE16B9811D002C6577 /* Default.png in Resources */ = {isa = PBXBuildFile; fileRef = 860268ED16B9811D002C6577 /* Default.png */; };
		860268F016B9811D002C6577 /* Default@2x.png in Resources */ = {isa = PBXBuildFile; fileRef = 860268EF16B9811D002C6577 /* Default@2x.png */; };
		860268F216B9811D002C6577 /* Default-568h@2x.png in Resources */ = {isa = PBXBuildFile; fileRef = 860268F116B9811D002C6577 /* Default-568h@2x.png */; };
		860268F516B9811D002C6577 /* Unison_Brain.xcdatamodeld in Sources */ = {isa = PBXBuildFile; fileRef = 860268F316B9811D002C6577 /* Unison_Brain.xcdatamodeld */; };
		860268FD16B9811D002C6577 /* SenTestingKit.framework in Frameworks */ = {isa = PBXBuildFile; fileRef = 860268FC16B9811D002C6577 /* SenTestingKit.framework */; };
		860268FE16B9811D002C6577 /* UIKit.framework in Frameworks */ = {isa = PBXBuildFile; fileRef = 860268D916B9811D002C6577 /* UIKit.framework */; };
		860268FF16B9811D002C6577 /* Foundation.framework in Frameworks */ = {isa = PBXBuildFile; fileRef = 860268DB16B9811D002C6577 /* Foundation.framework */; };
		8602690016B9811D002C6577 /* CoreData.framework in Frameworks */ = {isa = PBXBuildFile; fileRef = 860268DF16B9811D002C6577 /* CoreData.framework */; };
		8602690816B9811D002C6577 /* InfoPlist.strings in Resources */ = {isa = PBXBuildFile; fileRef = 8602690616B9811D002C6577 /* InfoPlist.strings */; };
		8602690B16B9811D002C6577 /* Unison_BrainTests.m in Sources */ = {isa = PBXBuildFile; fileRef = 8602690A16B9811D002C6577 /* Unison_BrainTests.m */; };
		86046B3E16DBB28B009F6468 /* UBConferenceCommentViewController.m in Sources */ = {isa = PBXBuildFile; fileRef = 86046B3D16DBB28B009F6468 /* UBConferenceCommentViewController.m */; };
		86046B4116DBB833009F6468 /* UBConferencesViewController.m in Sources */ = {isa = PBXBuildFile; fileRef = 86046B4016DBB833009F6468 /* UBConferencesViewController.m */; };
		860C519416BC19DD00C16B65 /* UBSessionsViewController.m in Sources */ = {isa = PBXBuildFile; fileRef = 860C519316BC19DD00C16B65 /* UBSessionsViewController.m */; };
		860C519716BC24E500C16B65 /* UBHomeView.m in Sources */ = {isa = PBXBuildFile; fileRef = 860C519616BC24E500C16B65 /* UBHomeView.m */; };
		860C519A16BC2F9500C16B65 /* UBModel.m in Sources */ = {isa = PBXBuildFile; fileRef = 860C519916BC2F9500C16B65 /* UBModel.m */; };
		860C519D16BC349800C16B65 /* UBSessionViewController.m in Sources */ = {isa = PBXBuildFile; fileRef = 860C519C16BC349800C16B65 /* UBSessionViewController.m */; };
		860C51A016BC525200C16B65 /* UBSessionView.m in Sources */ = {isa = PBXBuildFile; fileRef = 860C519F16BC525200C16B65 /* UBSessionView.m */; };
		860C51A316BC55BB00C16B65 /* UBStudentSelectorView.m in Sources */ = {isa = PBXBuildFile; fileRef = 860C51A216BC55BB00C16B65 /* UBStudentSelectorView.m */; };
		860C51A616C04A3E00C16B65 /* UBStudentListViewController.m in Sources */ = {isa = PBXBuildFile; fileRef = 860C51A516C04A3E00C16B65 /* UBStudentListViewController.m */; };
		860C51AD16C168EA00C16B65 /* UBFunctions.m in Sources */ = {isa = PBXBuildFile; fileRef = 860C51AC16C168EA00C16B65 /* UBFunctions.m */; };
		860C51B016C17C2F00C16B65 /* UBDate.m in Sources */ = {isa = PBXBuildFile; fileRef = 860C51AF16C17C2F00C16B65 /* UBDate.m */; };
		863F417A16C4393A00DACB64 /* UBCodesViewController.m in Sources */ = {isa = PBXBuildFile; fileRef = 863F417916C4393A00DACB64 /* UBCodesViewController.m */; };
		863F417D16C439D800DACB64 /* UBSearchListViewController.m in Sources */ = {isa = PBXBuildFile; fileRef = 863F417C16C439D800DACB64 /* UBSearchListViewController.m */; };
		86547C2116C56867000D54F1 /* UBBreachHeaderView.m in Sources */ = {isa = PBXBuildFile; fileRef = 86547C2016C56867000D54F1 /* UBBreachHeaderView.m */; };
		8687035516D0189E009DA8B6 /* UBBson.m in Sources */ = {isa = PBXBuildFile; fileRef = 8687035416D0189E009DA8B6 /* UBBson.m */; };
		8687035816D0367D009DA8B6 /* UBLoginViewController.m in Sources */ = {isa = PBXBuildFile; fileRef = 8687035716D0367D009DA8B6 /* UBLoginViewController.m */; };
		8687035B16D036A6009DA8B6 /* UBLoginView.m in Sources */ = {isa = PBXBuildFile; fileRef = 8687035A16D036A6009DA8B6 /* UBLoginView.m */; };
		868F0FE316CD89C60017A02F /* SystemConfiguration.framework in Frameworks */ = {isa = PBXBuildFile; fileRef = 868F0FE216CD89C60017A02F /* SystemConfiguration.framework */; };
		868F0FEC16CEC6760017A02F /* Reachability.m in Sources */ = {isa = PBXBuildFile; fileRef = 868F0FEB16CEC6760017A02F /* Reachability.m */; };
		868F0FED16CEC6760017A02F /* Reachability.m in Sources */ = {isa = PBXBuildFile; fileRef = 868F0FEB16CEC6760017A02F /* Reachability.m */; };
		869A5D5016D2D08D003A6CF5 /* MBProgressHUD.m in Sources */ = {isa = PBXBuildFile; fileRef = 869A5D4F16D2D08D003A6CF5 /* MBProgressHUD.m */; };
		869A5D5116D2D08D003A6CF5 /* MBProgressHUD.m in Sources */ = {isa = PBXBuildFile; fileRef = 869A5D4F16D2D08D003A6CF5 /* MBProgressHUD.m */; };
		86A3875F16D3E3D0008CA93B /* UBStudentViewController.m in Sources */ = {isa = PBXBuildFile; fileRef = 86A3875E16D3E3D0008CA93B /* UBStudentViewController.m */; };
		86A3876216D3E49B008CA93B /* UBStudentView.m in Sources */ = {isa = PBXBuildFile; fileRef = 86A3876116D3E49B008CA93B /* UBStudentView.m */; };
		86A3876516D41DE7008CA93B /* UBModelTableViewController.m in Sources */ = {isa = PBXBuildFile; fileRef = 86A3876416D41DE7008CA93B /* UBModelTableViewController.m */; };
		86A3876816D42804008CA93B /* UBContributionsViewController.m in Sources */ = {isa = PBXBuildFile; fileRef = 86A3876716D42804008CA93B /* UBContributionsViewController.m */; };
		86B6B68916C2F6E60027F087 /* UBAlert.m in Sources */ = {isa = PBXBuildFile; fileRef = 86B6B68816C2F6E60027F087 /* UBAlert.m */; };
		86B6B68C16C31D190027F087 /* UBContributionCell.m in Sources */ = {isa = PBXBuildFile; fileRef = 86B6B68B16C31D190027F087 /* UBContributionCell.m */; };
		86D0516116C82AAA00BF026A /* UBRequest.m in Sources */ = {isa = PBXBuildFile; fileRef = 86D0516016C82AAA00BF026A /* UBRequest.m */; };
		86D51E2716B9ABD200C129F6 /* UBHomeViewController.m in Sources */ = {isa = PBXBuildFile; fileRef = 86D51E2616B9ABD200C129F6 /* UBHomeViewController.m */; };
		86D51E2C16B9B1BE00C129F6 /* UBUser.m in Sources */ = {isa = PBXBuildFile; fileRef = 86D51E2B16B9B1BE00C129F6 /* UBUser.m */; };
		86D51E2F16B9B8ED00C129F6 /* UBSession.m in Sources */ = {isa = PBXBuildFile; fileRef = 86D51E2E16B9B8ED00C129F6 /* UBSession.m */; };
		86D51E3216B9B8ED00C129F6 /* UBTeacher.m in Sources */ = {isa = PBXBuildFile; fileRef = 86D51E3116B9B8ED00C129F6 /* UBTeacher.m */; };
		86D51E3516B9B8ED00C129F6 /* UBStudent.m in Sources */ = {isa = PBXBuildFile; fileRef = 86D51E3416B9B8ED00C129F6 /* UBStudent.m */; };
		86D51E3816B9B8ED00C129F6 /* UBConference.m in Sources */ = {isa = PBXBuildFile; fileRef = 86D51E3716B9B8ED00C129F6 /* UBConference.m */; };
		86D51E3B16B9B8ED00C129F6 /* UBBreach.m in Sources */ = {isa = PBXBuildFile; fileRef = 86D51E3A16B9B8ED00C129F6 /* UBBreach.m */; };
		86D51E3E16B9B8ED00C129F6 /* UBSubject.m in Sources */ = {isa = PBXBuildFile; fileRef = 86D51E3D16B9B8ED00C129F6 /* UBSubject.m */; };
		86D51E4116B9B8ED00C129F6 /* UBPerson.m in Sources */ = {isa = PBXBuildFile; fileRef = 86D51E4016B9B8ED00C129F6 /* UBPerson.m */; };
		86D51E4416B9B8ED00C129F6 /* UBCodeScore.m in Sources */ = {isa = PBXBuildFile; fileRef = 86D51E4316B9B8ED00C129F6 /* UBCodeScore.m */; };
		86D51E4716B9B8ED00C129F6 /* UBContribution.m in Sources */ = {isa = PBXBuildFile; fileRef = 86D51E4616B9B8ED00C129F6 /* UBContribution.m */; };
		86D51E4A16B9B8ED00C129F6 /* UBCode.m in Sources */ = {isa = PBXBuildFile; fileRef = 86D51E4916B9B8ED00C129F6 /* UBCode.m */; };
		86F1852716D69F0200533DC5 /* UBCodeScoresViewController.m in Sources */ = {isa = PBXBuildFile; fileRef = 86F1852616D69F0200533DC5 /* UBCodeScoresViewController.m */; };
/* End PBXBuildFile section */

/* Begin PBXContainerItemProxy section */
		8602690116B9811D002C6577 /* PBXContainerItemProxy */ = {
			isa = PBXContainerItemProxy;
			containerPortal = 860268CE16B9811D002C6577 /* Project object */;
			proxyType = 1;
			remoteGlobalIDString = 860268D516B9811D002C6577;
			remoteInfo = "Unison Brain";
		};
/* End PBXContainerItemProxy section */

/* Begin PBXFileReference section */
		271E2AB616C80436009D4CE2 /* ConferenceView.xib */ = {isa = PBXFileReference; fileEncoding = 4; lastKnownFileType = file.xib; name = ConferenceView.xib; path = Views/ConferenceView.xib; sourceTree = "<group>"; };
		271E2AB816C840A7009D4CE2 /* UBCodeType.h */ = {isa = PBXFileReference; fileEncoding = 4; lastKnownFileType = sourcecode.c.h; name = UBCodeType.h; path = "Unison Brain/Models/UBCodeType.h"; sourceTree = "<group>"; };
		271E2AB916C840A8009D4CE2 /* UBCodeType.m */ = {isa = PBXFileReference; fileEncoding = 4; lastKnownFileType = sourcecode.c.objc; name = UBCodeType.m; path = "Unison Brain/Models/UBCodeType.m"; sourceTree = "<group>"; };
		271E2ABB16C867A0009D4CE2 /* UBDatePickerViewController.h */ = {isa = PBXFileReference; fileEncoding = 4; lastKnownFileType = sourcecode.c.h; path = UBDatePickerViewController.h; sourceTree = "<group>"; };
		271E2ABC16C867A1009D4CE2 /* UBDatePickerViewController.m */ = {isa = PBXFileReference; fileEncoding = 4; lastKnownFileType = sourcecode.c.objc; path = UBDatePickerViewController.m; sourceTree = "<group>"; };
		271E2B0B16C95F3A009D4CE2 /* Default-Landscape@2x~ipad.png */ = {isa = PBXFileReference; lastKnownFileType = image.png; path = "Default-Landscape@2x~ipad.png"; sourceTree = "<group>"; };
		271E2B0D16C95F3F009D4CE2 /* Default-Landscape~ipad.png */ = {isa = PBXFileReference; lastKnownFileType = image.png; path = "Default-Landscape~ipad.png"; sourceTree = "<group>"; };
		271E2B0F16C95F55009D4CE2 /* appicon~ipad.png */ = {isa = PBXFileReference; lastKnownFileType = image.png; path = "appicon~ipad.png"; sourceTree = "<group>"; };
		271E2B1116C95F5B009D4CE2 /* appicon~ipad@2x.png */ = {isa = PBXFileReference; lastKnownFileType = image.png; path = "appicon~ipad@2x.png"; sourceTree = "<group>"; };
		27ABD4F016C995870051411E /* DWTagList.h */ = {isa = PBXFileReference; fileEncoding = 4; lastKnownFileType = sourcecode.c.h; path = DWTagList.h; sourceTree = "<group>"; };
		27ABD4F116C995870051411E /* DWTagList.m */ = {isa = PBXFileReference; fileEncoding = 4; lastKnownFileType = sourcecode.c.objc; path = DWTagList.m; sourceTree = "<group>"; };
		860268D616B9811D002C6577 /* Unison Brain.app */ = {isa = PBXFileReference; explicitFileType = wrapper.application; includeInIndex = 0; path = "Unison Brain.app"; sourceTree = BUILT_PRODUCTS_DIR; };
		860268D916B9811D002C6577 /* UIKit.framework */ = {isa = PBXFileReference; lastKnownFileType = wrapper.framework; name = UIKit.framework; path = System/Library/Frameworks/UIKit.framework; sourceTree = SDKROOT; };
		860268DB16B9811D002C6577 /* Foundation.framework */ = {isa = PBXFileReference; lastKnownFileType = wrapper.framework; name = Foundation.framework; path = System/Library/Frameworks/Foundation.framework; sourceTree = SDKROOT; };
		860268DD16B9811D002C6577 /* CoreGraphics.framework */ = {isa = PBXFileReference; lastKnownFileType = wrapper.framework; name = CoreGraphics.framework; path = System/Library/Frameworks/CoreGraphics.framework; sourceTree = SDKROOT; };
		860268DF16B9811D002C6577 /* CoreData.framework */ = {isa = PBXFileReference; lastKnownFileType = wrapper.framework; name = CoreData.framework; path = System/Library/Frameworks/CoreData.framework; sourceTree = SDKROOT; };
		860268E316B9811D002C6577 /* Unison Brain-Info.plist */ = {isa = PBXFileReference; lastKnownFileType = text.plist.xml; path = "Unison Brain-Info.plist"; sourceTree = "<group>"; };
		860268E516B9811D002C6577 /* en */ = {isa = PBXFileReference; lastKnownFileType = text.plist.strings; name = en; path = en.lproj/InfoPlist.strings; sourceTree = "<group>"; };
		860268E716B9811D002C6577 /* main.m */ = {isa = PBXFileReference; lastKnownFileType = sourcecode.c.objc; path = main.m; sourceTree = "<group>"; };
		860268E916B9811D002C6577 /* Unison Brain-Prefix.pch */ = {isa = PBXFileReference; lastKnownFileType = sourcecode.c.h; path = "Unison Brain-Prefix.pch"; sourceTree = "<group>"; };
		860268EA16B9811D002C6577 /* UBAppDelegate.h */ = {isa = PBXFileReference; lastKnownFileType = sourcecode.c.h; path = UBAppDelegate.h; sourceTree = "<group>"; };
		860268EB16B9811D002C6577 /* UBAppDelegate.m */ = {isa = PBXFileReference; lastKnownFileType = sourcecode.c.objc; path = UBAppDelegate.m; sourceTree = "<group>"; };
		860268ED16B9811D002C6577 /* Default.png */ = {isa = PBXFileReference; lastKnownFileType = image.png; path = Default.png; sourceTree = "<group>"; };
		860268EF16B9811D002C6577 /* Default@2x.png */ = {isa = PBXFileReference; lastKnownFileType = image.png; path = "Default@2x.png"; sourceTree = "<group>"; };
		860268F116B9811D002C6577 /* Default-568h@2x.png */ = {isa = PBXFileReference; lastKnownFileType = image.png; path = "Default-568h@2x.png"; sourceTree = "<group>"; };
		860268F416B9811D002C6577 /* Unison_Brain.xcdatamodel */ = {isa = PBXFileReference; lastKnownFileType = wrapper.xcdatamodel; path = Unison_Brain.xcdatamodel; sourceTree = "<group>"; };
		860268FB16B9811D002C6577 /* Unison BrainTests.octest */ = {isa = PBXFileReference; explicitFileType = wrapper.cfbundle; includeInIndex = 0; path = "Unison BrainTests.octest"; sourceTree = BUILT_PRODUCTS_DIR; };
		860268FC16B9811D002C6577 /* SenTestingKit.framework */ = {isa = PBXFileReference; lastKnownFileType = wrapper.framework; name = SenTestingKit.framework; path = Library/Frameworks/SenTestingKit.framework; sourceTree = DEVELOPER_DIR; };
		8602690516B9811D002C6577 /* Unison BrainTests-Info.plist */ = {isa = PBXFileReference; lastKnownFileType = text.plist.xml; path = "Unison BrainTests-Info.plist"; sourceTree = "<group>"; };
		8602690716B9811D002C6577 /* en */ = {isa = PBXFileReference; lastKnownFileType = text.plist.strings; name = en; path = en.lproj/InfoPlist.strings; sourceTree = "<group>"; };
		8602690916B9811D002C6577 /* Unison_BrainTests.h */ = {isa = PBXFileReference; lastKnownFileType = sourcecode.c.h; path = Unison_BrainTests.h; sourceTree = "<group>"; };
		8602690A16B9811D002C6577 /* Unison_BrainTests.m */ = {isa = PBXFileReference; lastKnownFileType = sourcecode.c.objc; path = Unison_BrainTests.m; sourceTree = "<group>"; };
		86046B3C16DBB28B009F6468 /* UBConferenceCommentViewController.h */ = {isa = PBXFileReference; fileEncoding = 4; lastKnownFileType = sourcecode.c.h; name = UBConferenceCommentViewController.h; path = Controllers/UBConferenceCommentViewController.h; sourceTree = "<group>"; };
		86046B3D16DBB28B009F6468 /* UBConferenceCommentViewController.m */ = {isa = PBXFileReference; fileEncoding = 4; lastKnownFileType = sourcecode.c.objc; name = UBConferenceCommentViewController.m; path = Controllers/UBConferenceCommentViewController.m; sourceTree = "<group>"; };
		86046B3F16DBB832009F6468 /* UBConferencesViewController.h */ = {isa = PBXFileReference; fileEncoding = 4; lastKnownFileType = sourcecode.c.h; name = UBConferencesViewController.h; path = Controllers/UBConferencesViewController.h; sourceTree = "<group>"; };
		86046B4016DBB833009F6468 /* UBConferencesViewController.m */ = {isa = PBXFileReference; fileEncoding = 4; lastKnownFileType = sourcecode.c.objc; name = UBConferencesViewController.m; path = Controllers/UBConferencesViewController.m; sourceTree = "<group>"; };
		860C519216BC19DD00C16B65 /* UBSessionsViewController.h */ = {isa = PBXFileReference; fileEncoding = 4; lastKnownFileType = sourcecode.c.h; name = UBSessionsViewController.h; path = Controllers/UBSessionsViewController.h; sourceTree = "<group>"; };
		860C519316BC19DD00C16B65 /* UBSessionsViewController.m */ = {isa = PBXFileReference; fileEncoding = 4; lastKnownFileType = sourcecode.c.objc; name = UBSessionsViewController.m; path = Controllers/UBSessionsViewController.m; sourceTree = "<group>"; };
		860C519516BC24E500C16B65 /* UBHomeView.h */ = {isa = PBXFileReference; fileEncoding = 4; lastKnownFileType = sourcecode.c.h; name = UBHomeView.h; path = Views/UBHomeView.h; sourceTree = "<group>"; };
		860C519616BC24E500C16B65 /* UBHomeView.m */ = {isa = PBXFileReference; fileEncoding = 4; lastKnownFileType = sourcecode.c.objc; name = UBHomeView.m; path = Views/UBHomeView.m; sourceTree = "<group>"; };
		860C519816BC2F9500C16B65 /* UBModel.h */ = {isa = PBXFileReference; fileEncoding = 4; lastKnownFileType = sourcecode.c.h; name = UBModel.h; path = "Unison Brain/Models/UBModel.h"; sourceTree = "<group>"; };
		860C519916BC2F9500C16B65 /* UBModel.m */ = {isa = PBXFileReference; fileEncoding = 4; lastKnownFileType = sourcecode.c.objc; name = UBModel.m; path = "Unison Brain/Models/UBModel.m"; sourceTree = "<group>"; };
		860C519B16BC349800C16B65 /* UBSessionViewController.h */ = {isa = PBXFileReference; fileEncoding = 4; lastKnownFileType = sourcecode.c.h; name = UBSessionViewController.h; path = Controllers/UBSessionViewController.h; sourceTree = "<group>"; };
		860C519C16BC349800C16B65 /* UBSessionViewController.m */ = {isa = PBXFileReference; fileEncoding = 4; lastKnownFileType = sourcecode.c.objc; name = UBSessionViewController.m; path = Controllers/UBSessionViewController.m; sourceTree = "<group>"; };
		860C519E16BC525200C16B65 /* UBSessionView.h */ = {isa = PBXFileReference; fileEncoding = 4; lastKnownFileType = sourcecode.c.h; name = UBSessionView.h; path = Views/UBSessionView.h; sourceTree = "<group>"; };
		860C519F16BC525200C16B65 /* UBSessionView.m */ = {isa = PBXFileReference; fileEncoding = 4; lastKnownFileType = sourcecode.c.objc; name = UBSessionView.m; path = Views/UBSessionView.m; sourceTree = "<group>"; };
		860C51A116BC55BB00C16B65 /* UBStudentSelectorView.h */ = {isa = PBXFileReference; fileEncoding = 4; lastKnownFileType = sourcecode.c.h; name = UBStudentSelectorView.h; path = Views/UBStudentSelectorView.h; sourceTree = "<group>"; };
		860C51A216BC55BB00C16B65 /* UBStudentSelectorView.m */ = {isa = PBXFileReference; fileEncoding = 4; lastKnownFileType = sourcecode.c.objc; name = UBStudentSelectorView.m; path = Views/UBStudentSelectorView.m; sourceTree = "<group>"; };
		860C51A416C04A3E00C16B65 /* UBStudentListViewController.h */ = {isa = PBXFileReference; fileEncoding = 4; lastKnownFileType = sourcecode.c.h; name = UBStudentListViewController.h; path = Controllers/UBStudentListViewController.h; sourceTree = "<group>"; };
		860C51A516C04A3E00C16B65 /* UBStudentListViewController.m */ = {isa = PBXFileReference; fileEncoding = 4; lastKnownFileType = sourcecode.c.objc; name = UBStudentListViewController.m; path = Controllers/UBStudentListViewController.m; sourceTree = "<group>"; };
		860C51AB16C168EA00C16B65 /* UBFunctions.h */ = {isa = PBXFileReference; fileEncoding = 4; lastKnownFileType = sourcecode.c.h; name = UBFunctions.h; path = Helpers/UBFunctions.h; sourceTree = "<group>"; };
		860C51AC16C168EA00C16B65 /* UBFunctions.m */ = {isa = PBXFileReference; fileEncoding = 4; lastKnownFileType = sourcecode.c.objc; name = UBFunctions.m; path = Helpers/UBFunctions.m; sourceTree = "<group>"; };
		860C51AE16C17C2E00C16B65 /* UBDate.h */ = {isa = PBXFileReference; fileEncoding = 4; lastKnownFileType = sourcecode.c.h; name = UBDate.h; path = Helpers/UBDate.h; sourceTree = "<group>"; };
		860C51AF16C17C2F00C16B65 /* UBDate.m */ = {isa = PBXFileReference; fileEncoding = 4; lastKnownFileType = sourcecode.c.objc; name = UBDate.m; path = Helpers/UBDate.m; sourceTree = "<group>"; };
		863F417816C4393A00DACB64 /* UBCodesViewController.h */ = {isa = PBXFileReference; fileEncoding = 4; lastKnownFileType = sourcecode.c.h; name = UBCodesViewController.h; path = Controllers/UBCodesViewController.h; sourceTree = "<group>"; };
		863F417916C4393A00DACB64 /* UBCodesViewController.m */ = {isa = PBXFileReference; fileEncoding = 4; lastKnownFileType = sourcecode.c.objc; name = UBCodesViewController.m; path = Controllers/UBCodesViewController.m; sourceTree = "<group>"; };
		863F417B16C439D800DACB64 /* UBSearchListViewController.h */ = {isa = PBXFileReference; fileEncoding = 4; lastKnownFileType = sourcecode.c.h; name = UBSearchListViewController.h; path = Controllers/UBSearchListViewController.h; sourceTree = "<group>"; };
		863F417C16C439D800DACB64 /* UBSearchListViewController.m */ = {isa = PBXFileReference; fileEncoding = 4; lastKnownFileType = sourcecode.c.objc; name = UBSearchListViewController.m; path = Controllers/UBSearchListViewController.m; sourceTree = "<group>"; };
		86547C1F16C56867000D54F1 /* UBBreachHeaderView.h */ = {isa = PBXFileReference; fileEncoding = 4; lastKnownFileType = sourcecode.c.h; name = UBBreachHeaderView.h; path = Views/UBBreachHeaderView.h; sourceTree = "<group>"; };
		86547C2016C56867000D54F1 /* UBBreachHeaderView.m */ = {isa = PBXFileReference; fileEncoding = 4; lastKnownFileType = sourcecode.c.objc; name = UBBreachHeaderView.m; path = Views/UBBreachHeaderView.m; sourceTree = "<group>"; };
		8687035316D0189E009DA8B6 /* UBBson.h */ = {isa = PBXFileReference; fileEncoding = 4; lastKnownFileType = sourcecode.c.h; name = UBBson.h; path = Helpers/UBBson.h; sourceTree = "<group>"; };
		8687035416D0189E009DA8B6 /* UBBson.m */ = {isa = PBXFileReference; fileEncoding = 4; lastKnownFileType = sourcecode.c.objc; name = UBBson.m; path = Helpers/UBBson.m; sourceTree = "<group>"; };
		8687035616D0367D009DA8B6 /* UBLoginViewController.h */ = {isa = PBXFileReference; fileEncoding = 4; lastKnownFileType = sourcecode.c.h; name = UBLoginViewController.h; path = Controllers/UBLoginViewController.h; sourceTree = "<group>"; };
		8687035716D0367D009DA8B6 /* UBLoginViewController.m */ = {isa = PBXFileReference; fileEncoding = 4; lastKnownFileType = sourcecode.c.objc; name = UBLoginViewController.m; path = Controllers/UBLoginViewController.m; sourceTree = "<group>"; };
		8687035916D036A6009DA8B6 /* UBLoginView.h */ = {isa = PBXFileReference; fileEncoding = 4; lastKnownFileType = sourcecode.c.h; name = UBLoginView.h; path = Views/UBLoginView.h; sourceTree = "<group>"; };
		8687035A16D036A6009DA8B6 /* UBLoginView.m */ = {isa = PBXFileReference; fileEncoding = 4; lastKnownFileType = sourcecode.c.objc; name = UBLoginView.m; path = Views/UBLoginView.m; sourceTree = "<group>"; };
		868F0FE216CD89C60017A02F /* SystemConfiguration.framework */ = {isa = PBXFileReference; lastKnownFileType = wrapper.framework; name = SystemConfiguration.framework; path = System/Library/Frameworks/SystemConfiguration.framework; sourceTree = SDKROOT; };
		868F0FEA16CEC6760017A02F /* Reachability.h */ = {isa = PBXFileReference; fileEncoding = 4; lastKnownFileType = sourcecode.c.h; name = Reachability.h; path = submodules/Reachability/Reachability.h; sourceTree = SOURCE_ROOT; };
		868F0FEB16CEC6760017A02F /* Reachability.m */ = {isa = PBXFileReference; fileEncoding = 4; lastKnownFileType = sourcecode.c.objc; name = Reachability.m; path = submodules/Reachability/Reachability.m; sourceTree = SOURCE_ROOT; };
		869A5D4E16D2D08D003A6CF5 /* MBProgressHUD.h */ = {isa = PBXFileReference; fileEncoding = 4; lastKnownFileType = sourcecode.c.h; name = MBProgressHUD.h; path = submodules/MBProgressHUD/MBProgressHUD.h; sourceTree = SOURCE_ROOT; };
		869A5D4F16D2D08D003A6CF5 /* MBProgressHUD.m */ = {isa = PBXFileReference; fileEncoding = 4; lastKnownFileType = sourcecode.c.objc; name = MBProgressHUD.m; path = submodules/MBProgressHUD/MBProgressHUD.m; sourceTree = SOURCE_ROOT; };
		86A3875D16D3E3D0008CA93B /* UBStudentViewController.h */ = {isa = PBXFileReference; fileEncoding = 4; lastKnownFileType = sourcecode.c.h; name = UBStudentViewController.h; path = Controllers/UBStudentViewController.h; sourceTree = "<group>"; };
		86A3875E16D3E3D0008CA93B /* UBStudentViewController.m */ = {isa = PBXFileReference; fileEncoding = 4; lastKnownFileType = sourcecode.c.objc; name = UBStudentViewController.m; path = Controllers/UBStudentViewController.m; sourceTree = "<group>"; };
		86A3876016D3E49B008CA93B /* UBStudentView.h */ = {isa = PBXFileReference; fileEncoding = 4; lastKnownFileType = sourcecode.c.h; name = UBStudentView.h; path = Views/UBStudentView.h; sourceTree = "<group>"; };
		86A3876116D3E49B008CA93B /* UBStudentView.m */ = {isa = PBXFileReference; fileEncoding = 4; lastKnownFileType = sourcecode.c.objc; name = UBStudentView.m; path = Views/UBStudentView.m; sourceTree = "<group>"; };
		86A3876316D41DE7008CA93B /* UBModelTableViewController.h */ = {isa = PBXFileReference; fileEncoding = 4; lastKnownFileType = sourcecode.c.h; name = UBModelTableViewController.h; path = Controllers/UBModelTableViewController.h; sourceTree = "<group>"; };
		86A3876416D41DE7008CA93B /* UBModelTableViewController.m */ = {isa = PBXFileReference; fileEncoding = 4; lastKnownFileType = sourcecode.c.objc; name = UBModelTableViewController.m; path = Controllers/UBModelTableViewController.m; sourceTree = "<group>"; };
		86A3876616D42804008CA93B /* UBContributionsViewController.h */ = {isa = PBXFileReference; fileEncoding = 4; lastKnownFileType = sourcecode.c.h; name = UBContributionsViewController.h; path = Controllers/UBContributionsViewController.h; sourceTree = "<group>"; };
		86A3876716D42804008CA93B /* UBContributionsViewController.m */ = {isa = PBXFileReference; fileEncoding = 4; lastKnownFileType = sourcecode.c.objc; name = UBContributionsViewController.m; path = Controllers/UBContributionsViewController.m; sourceTree = "<group>"; };
		86B6B68716C2F6E60027F087 /* UBAlert.h */ = {isa = PBXFileReference; fileEncoding = 4; lastKnownFileType = sourcecode.c.h; name = UBAlert.h; path = Helpers/UBAlert.h; sourceTree = "<group>"; };
		86B6B68816C2F6E60027F087 /* UBAlert.m */ = {isa = PBXFileReference; fileEncoding = 4; lastKnownFileType = sourcecode.c.objc; name = UBAlert.m; path = Helpers/UBAlert.m; sourceTree = "<group>"; };
		86B6B68A16C31D190027F087 /* UBContributionCell.h */ = {isa = PBXFileReference; fileEncoding = 4; lastKnownFileType = sourcecode.c.h; name = UBContributionCell.h; path = Views/UBContributionCell.h; sourceTree = "<group>"; };
		86B6B68B16C31D190027F087 /* UBContributionCell.m */ = {isa = PBXFileReference; fileEncoding = 4; lastKnownFileType = sourcecode.c.objc; name = UBContributionCell.m; path = Views/UBContributionCell.m; sourceTree = "<group>"; };
		86D0515F16C82AAA00BF026A /* UBRequest.h */ = {isa = PBXFileReference; fileEncoding = 4; lastKnownFileType = sourcecode.c.h; name = UBRequest.h; path = Helpers/UBRequest.h; sourceTree = "<group>"; };
		86D0516016C82AAA00BF026A /* UBRequest.m */ = {isa = PBXFileReference; fileEncoding = 4; lastKnownFileType = sourcecode.c.objc; name = UBRequest.m; path = Helpers/UBRequest.m; sourceTree = "<group>"; };
		86D51E2516B9ABD200C129F6 /* UBHomeViewController.h */ = {isa = PBXFileReference; fileEncoding = 4; lastKnownFileType = sourcecode.c.h; name = UBHomeViewController.h; path = Controllers/UBHomeViewController.h; sourceTree = "<group>"; };
		86D51E2616B9ABD200C129F6 /* UBHomeViewController.m */ = {isa = PBXFileReference; fileEncoding = 4; lastKnownFileType = sourcecode.c.objc; name = UBHomeViewController.m; path = Controllers/UBHomeViewController.m; sourceTree = "<group>"; };
		86D51E2A16B9B1BE00C129F6 /* UBUser.h */ = {isa = PBXFileReference; fileEncoding = 4; lastKnownFileType = sourcecode.c.h; name = UBUser.h; path = Helpers/UBUser.h; sourceTree = "<group>"; };
		86D51E2B16B9B1BE00C129F6 /* UBUser.m */ = {isa = PBXFileReference; fileEncoding = 4; lastKnownFileType = sourcecode.c.objc; name = UBUser.m; path = Helpers/UBUser.m; sourceTree = "<group>"; };
		86D51E2D16B9B8ED00C129F6 /* UBSession.h */ = {isa = PBXFileReference; fileEncoding = 4; lastKnownFileType = sourcecode.c.h; name = UBSession.h; path = "Unison Brain/Models/UBSession.h"; sourceTree = "<group>"; };
		86D51E2E16B9B8ED00C129F6 /* UBSession.m */ = {isa = PBXFileReference; fileEncoding = 4; lastKnownFileType = sourcecode.c.objc; name = UBSession.m; path = "Unison Brain/Models/UBSession.m"; sourceTree = "<group>"; };
		86D51E3016B9B8ED00C129F6 /* UBTeacher.h */ = {isa = PBXFileReference; fileEncoding = 4; lastKnownFileType = sourcecode.c.h; name = UBTeacher.h; path = "Unison Brain/Models/UBTeacher.h"; sourceTree = "<group>"; };
		86D51E3116B9B8ED00C129F6 /* UBTeacher.m */ = {isa = PBXFileReference; fileEncoding = 4; lastKnownFileType = sourcecode.c.objc; name = UBTeacher.m; path = "Unison Brain/Models/UBTeacher.m"; sourceTree = "<group>"; };
		86D51E3316B9B8ED00C129F6 /* UBStudent.h */ = {isa = PBXFileReference; fileEncoding = 4; lastKnownFileType = sourcecode.c.h; name = UBStudent.h; path = "Unison Brain/Models/UBStudent.h"; sourceTree = "<group>"; };
		86D51E3416B9B8ED00C129F6 /* UBStudent.m */ = {isa = PBXFileReference; fileEncoding = 4; lastKnownFileType = sourcecode.c.objc; name = UBStudent.m; path = "Unison Brain/Models/UBStudent.m"; sourceTree = "<group>"; };
		86D51E3616B9B8ED00C129F6 /* UBConference.h */ = {isa = PBXFileReference; fileEncoding = 4; lastKnownFileType = sourcecode.c.h; name = UBConference.h; path = "Unison Brain/Models/UBConference.h"; sourceTree = "<group>"; };
		86D51E3716B9B8ED00C129F6 /* UBConference.m */ = {isa = PBXFileReference; fileEncoding = 4; lastKnownFileType = sourcecode.c.objc; name = UBConference.m; path = "Unison Brain/Models/UBConference.m"; sourceTree = "<group>"; };
		86D51E3916B9B8ED00C129F6 /* UBBreach.h */ = {isa = PBXFileReference; fileEncoding = 4; lastKnownFileType = sourcecode.c.h; name = UBBreach.h; path = "Unison Brain/Models/UBBreach.h"; sourceTree = "<group>"; };
		86D51E3A16B9B8ED00C129F6 /* UBBreach.m */ = {isa = PBXFileReference; fileEncoding = 4; lastKnownFileType = sourcecode.c.objc; name = UBBreach.m; path = "Unison Brain/Models/UBBreach.m"; sourceTree = "<group>"; };
		86D51E3C16B9B8ED00C129F6 /* UBSubject.h */ = {isa = PBXFileReference; fileEncoding = 4; lastKnownFileType = sourcecode.c.h; name = UBSubject.h; path = "Unison Brain/Models/UBSubject.h"; sourceTree = "<group>"; };
		86D51E3D16B9B8ED00C129F6 /* UBSubject.m */ = {isa = PBXFileReference; fileEncoding = 4; lastKnownFileType = sourcecode.c.objc; name = UBSubject.m; path = "Unison Brain/Models/UBSubject.m"; sourceTree = "<group>"; };
		86D51E3F16B9B8ED00C129F6 /* UBPerson.h */ = {isa = PBXFileReference; fileEncoding = 4; lastKnownFileType = sourcecode.c.h; name = UBPerson.h; path = "Unison Brain/Models/UBPerson.h"; sourceTree = "<group>"; };
		86D51E4016B9B8ED00C129F6 /* UBPerson.m */ = {isa = PBXFileReference; fileEncoding = 4; lastKnownFileType = sourcecode.c.objc; name = UBPerson.m; path = "Unison Brain/Models/UBPerson.m"; sourceTree = "<group>"; };
		86D51E4216B9B8ED00C129F6 /* UBCodeScore.h */ = {isa = PBXFileReference; fileEncoding = 4; lastKnownFileType = sourcecode.c.h; name = UBCodeScore.h; path = "Unison Brain/Models/UBCodeScore.h"; sourceTree = "<group>"; };
		86D51E4316B9B8ED00C129F6 /* UBCodeScore.m */ = {isa = PBXFileReference; fileEncoding = 4; lastKnownFileType = sourcecode.c.objc; name = UBCodeScore.m; path = "Unison Brain/Models/UBCodeScore.m"; sourceTree = "<group>"; };
		86D51E4516B9B8ED00C129F6 /* UBContribution.h */ = {isa = PBXFileReference; fileEncoding = 4; lastKnownFileType = sourcecode.c.h; name = UBContribution.h; path = "Unison Brain/Models/UBContribution.h"; sourceTree = "<group>"; };
		86D51E4616B9B8ED00C129F6 /* UBContribution.m */ = {isa = PBXFileReference; fileEncoding = 4; lastKnownFileType = sourcecode.c.objc; name = UBContribution.m; path = "Unison Brain/Models/UBContribution.m"; sourceTree = "<group>"; };
		86D51E4816B9B8ED00C129F6 /* UBCode.h */ = {isa = PBXFileReference; fileEncoding = 4; lastKnownFileType = sourcecode.c.h; name = UBCode.h; path = "Unison Brain/Models/UBCode.h"; sourceTree = "<group>"; };
		86D51E4916B9B8ED00C129F6 /* UBCode.m */ = {isa = PBXFileReference; fileEncoding = 4; lastKnownFileType = sourcecode.c.objc; name = UBCode.m; path = "Unison Brain/Models/UBCode.m"; sourceTree = "<group>"; };
		86F1852516D69F0200533DC5 /* UBCodeScoresViewController.h */ = {isa = PBXFileReference; fileEncoding = 4; lastKnownFileType = sourcecode.c.h; name = UBCodeScoresViewController.h; path = Controllers/UBCodeScoresViewController.h; sourceTree = "<group>"; };
		86F1852616D69F0200533DC5 /* UBCodeScoresViewController.m */ = {isa = PBXFileReference; fileEncoding = 4; lastKnownFileType = sourcecode.c.objc; name = UBCodeScoresViewController.m; path = Controllers/UBCodeScoresViewController.m; sourceTree = "<group>"; };
/* End PBXFileReference section */

/* Begin PBXFrameworksBuildPhase section */
		860268D316B9811D002C6577 /* Frameworks */ = {
			isa = PBXFrameworksBuildPhase;
			buildActionMask = 2147483647;
			files = (
				868F0FE316CD89C60017A02F /* SystemConfiguration.framework in Frameworks */,
				860268DA16B9811D002C6577 /* UIKit.framework in Frameworks */,
				860268DC16B9811D002C6577 /* Foundation.framework in Frameworks */,
				860268DE16B9811D002C6577 /* CoreGraphics.framework in Frameworks */,
				860268E016B9811D002C6577 /* CoreData.framework in Frameworks */,
			);
			runOnlyForDeploymentPostprocessing = 0;
		};
		860268F716B9811D002C6577 /* Frameworks */ = {
			isa = PBXFrameworksBuildPhase;
			buildActionMask = 2147483647;
			files = (
				860268FD16B9811D002C6577 /* SenTestingKit.framework in Frameworks */,
				860268FE16B9811D002C6577 /* UIKit.framework in Frameworks */,
				860268FF16B9811D002C6577 /* Foundation.framework in Frameworks */,
				8602690016B9811D002C6577 /* CoreData.framework in Frameworks */,
			);
			runOnlyForDeploymentPostprocessing = 0;
		};
/* End PBXFrameworksBuildPhase section */

/* Begin PBXGroup section */
		277481B316B98D7900211D00 /* Models */ = {
			isa = PBXGroup;
			children = (
				271E2AB816C840A7009D4CE2 /* UBCodeType.h */,
				271E2AB916C840A8009D4CE2 /* UBCodeType.m */,
				86D51E4816B9B8ED00C129F6 /* UBCode.h */,
				86D51E4916B9B8ED00C129F6 /* UBCode.m */,
				86D51E4516B9B8ED00C129F6 /* UBContribution.h */,
				86D51E4616B9B8ED00C129F6 /* UBContribution.m */,
				86D51E4216B9B8ED00C129F6 /* UBCodeScore.h */,
				86D51E4316B9B8ED00C129F6 /* UBCodeScore.m */,
				86D51E3F16B9B8ED00C129F6 /* UBPerson.h */,
				86D51E4016B9B8ED00C129F6 /* UBPerson.m */,
				86D51E3C16B9B8ED00C129F6 /* UBSubject.h */,
				86D51E3D16B9B8ED00C129F6 /* UBSubject.m */,
				86D51E3916B9B8ED00C129F6 /* UBBreach.h */,
				86D51E3A16B9B8ED00C129F6 /* UBBreach.m */,
				86D51E3616B9B8ED00C129F6 /* UBConference.h */,
				86D51E3716B9B8ED00C129F6 /* UBConference.m */,
				86D51E3316B9B8ED00C129F6 /* UBStudent.h */,
				86D51E3416B9B8ED00C129F6 /* UBStudent.m */,
				86D51E3016B9B8ED00C129F6 /* UBTeacher.h */,
				86D51E3116B9B8ED00C129F6 /* UBTeacher.m */,
				86D51E2D16B9B8ED00C129F6 /* UBSession.h */,
				86D51E2E16B9B8ED00C129F6 /* UBSession.m */,
				860C519816BC2F9500C16B65 /* UBModel.h */,
				860C519916BC2F9500C16B65 /* UBModel.m */,
			);
			name = Models;
			path = ..;
			sourceTree = "<group>";
		};
		860268CD16B9811D002C6577 = {
			isa = PBXGroup;
			children = (
				868F0FE216CD89C60017A02F /* SystemConfiguration.framework */,
				271E2B1116C95F5B009D4CE2 /* appicon~ipad@2x.png */,
				271E2B0F16C95F55009D4CE2 /* appicon~ipad.png */,
				271E2B0D16C95F3F009D4CE2 /* Default-Landscape~ipad.png */,
				271E2B0B16C95F3A009D4CE2 /* Default-Landscape@2x~ipad.png */,
				860268E116B9811D002C6577 /* Unison Brain */,
				8602690316B9811D002C6577 /* Unison BrainTests */,
				860268D816B9811D002C6577 /* Frameworks */,
				860268D716B9811D002C6577 /* Products */,
			);
			sourceTree = "<group>";
		};
		860268D716B9811D002C6577 /* Products */ = {
			isa = PBXGroup;
			children = (
				860268D616B9811D002C6577 /* Unison Brain.app */,
				860268FB16B9811D002C6577 /* Unison BrainTests.octest */,
			);
			name = Products;
			sourceTree = "<group>";
		};
		860268D816B9811D002C6577 /* Frameworks */ = {
			isa = PBXGroup;
			children = (
				860268D916B9811D002C6577 /* UIKit.framework */,
				860268DB16B9811D002C6577 /* Foundation.framework */,
				860268DD16B9811D002C6577 /* CoreGraphics.framework */,
				860268DF16B9811D002C6577 /* CoreData.framework */,
				860268FC16B9811D002C6577 /* SenTestingKit.framework */,
			);
			name = Frameworks;
			sourceTree = "<group>";
		};
		860268E116B9811D002C6577 /* Unison Brain */ = {
			isa = PBXGroup;
			children = (
				86D51E2916B9B17B00C129F6 /* Helpers */,
				86D51E2816B9AD1300C129F6 /* Views */,
				86D51E2416B9AB2C00C129F6 /* Controllers */,
				277481B316B98D7900211D00 /* Models */,
				860268EA16B9811D002C6577 /* UBAppDelegate.h */,
				860268EB16B9811D002C6577 /* UBAppDelegate.m */,
				860268F316B9811D002C6577 /* Unison_Brain.xcdatamodeld */,
				860268E216B9811D002C6577 /* Supporting Files */,
			);
			path = "Unison Brain";
			sourceTree = "<group>";
		};
		860268E216B9811D002C6577 /* Supporting Files */ = {
			isa = PBXGroup;
			children = (
				860268E316B9811D002C6577 /* Unison Brain-Info.plist */,
				860268E416B9811D002C6577 /* InfoPlist.strings */,
				860268E716B9811D002C6577 /* main.m */,
				860268E916B9811D002C6577 /* Unison Brain-Prefix.pch */,
				860268ED16B9811D002C6577 /* Default.png */,
				860268EF16B9811D002C6577 /* Default@2x.png */,
				860268F116B9811D002C6577 /* Default-568h@2x.png */,
			);
			name = "Supporting Files";
			sourceTree = "<group>";
		};
		8602690316B9811D002C6577 /* Unison BrainTests */ = {
			isa = PBXGroup;
			children = (
				8602690916B9811D002C6577 /* Unison_BrainTests.h */,
				8602690A16B9811D002C6577 /* Unison_BrainTests.m */,
				8602690416B9811D002C6577 /* Supporting Files */,
			);
			path = "Unison BrainTests";
			sourceTree = "<group>";
		};
		8602690416B9811D002C6577 /* Supporting Files */ = {
			isa = PBXGroup;
			children = (
				8602690516B9811D002C6577 /* Unison BrainTests-Info.plist */,
				8602690616B9811D002C6577 /* InfoPlist.strings */,
			);
			name = "Supporting Files";
			sourceTree = "<group>";
		};
		86D51E2416B9AB2C00C129F6 /* Controllers */ = {
			isa = PBXGroup;
			children = (
				271E2ABB16C867A0009D4CE2 /* UBDatePickerViewController.h */,
				271E2ABC16C867A1009D4CE2 /* UBDatePickerViewController.m */,
				86D51E2516B9ABD200C129F6 /* UBHomeViewController.h */,
				86D51E2616B9ABD200C129F6 /* UBHomeViewController.m */,
				860C519216BC19DD00C16B65 /* UBSessionsViewController.h */,
				860C519316BC19DD00C16B65 /* UBSessionsViewController.m */,
				860C519B16BC349800C16B65 /* UBSessionViewController.h */,
				860C519C16BC349800C16B65 /* UBSessionViewController.m */,
				860C51A416C04A3E00C16B65 /* UBStudentListViewController.h */,
				860C51A516C04A3E00C16B65 /* UBStudentListViewController.m */,
				863F417816C4393A00DACB64 /* UBCodesViewController.h */,
				863F417916C4393A00DACB64 /* UBCodesViewController.m */,
				863F417B16C439D800DACB64 /* UBSearchListViewController.h */,
				863F417C16C439D800DACB64 /* UBSearchListViewController.m */,
				8687035616D0367D009DA8B6 /* UBLoginViewController.h */,
				8687035716D0367D009DA8B6 /* UBLoginViewController.m */,
				86A3875D16D3E3D0008CA93B /* UBStudentViewController.h */,
				86A3875E16D3E3D0008CA93B /* UBStudentViewController.m */,
				86A3876316D41DE7008CA93B /* UBModelTableViewController.h */,
				86A3876416D41DE7008CA93B /* UBModelTableViewController.m */,
				86A3876616D42804008CA93B /* UBContributionsViewController.h */,
				86A3876716D42804008CA93B /* UBContributionsViewController.m */,
				86F1852516D69F0200533DC5 /* UBCodeScoresViewController.h */,
				86F1852616D69F0200533DC5 /* UBCodeScoresViewController.m */,
				86046B3C16DBB28B009F6468 /* UBConferenceCommentViewController.h */,
				86046B3D16DBB28B009F6468 /* UBConferenceCommentViewController.m */,
				86046B3F16DBB832009F6468 /* UBConferencesViewController.h */,
				86046B4016DBB833009F6468 /* UBConferencesViewController.m */,
			);
			name = Controllers;
			sourceTree = "<group>";
		};
		86D51E2816B9AD1300C129F6 /* Views */ = {
			isa = PBXGroup;
			children = (
				860C51A116BC55BB00C16B65 /* UBStudentSelectorView.h */,
				860C51A216BC55BB00C16B65 /* UBStudentSelectorView.m */,
				860C519516BC24E500C16B65 /* UBHomeView.h */,
				860C519616BC24E500C16B65 /* UBHomeView.m */,
				860C519E16BC525200C16B65 /* UBSessionView.h */,
				860C519F16BC525200C16B65 /* UBSessionView.m */,
				271E2AB616C80436009D4CE2 /* ConferenceView.xib */,
				86B6B68A16C31D190027F087 /* UBContributionCell.h */,
				86B6B68B16C31D190027F087 /* UBContributionCell.m */,
				86547C1F16C56867000D54F1 /* UBBreachHeaderView.h */,
				86547C2016C56867000D54F1 /* UBBreachHeaderView.m */,
				8687035916D036A6009DA8B6 /* UBLoginView.h */,
				8687035A16D036A6009DA8B6 /* UBLoginView.m */,
				86A3876016D3E49B008CA93B /* UBStudentView.h */,
				86A3876116D3E49B008CA93B /* UBStudentView.m */,
			);
			name = Views;
			sourceTree = "<group>";
		};
		86D51E2916B9B17B00C129F6 /* Helpers */ = {
			isa = PBXGroup;
			children = (
				869A5D4E16D2D08D003A6CF5 /* MBProgressHUD.h */,
				869A5D4F16D2D08D003A6CF5 /* MBProgressHUD.m */,
				868F0FEA16CEC6760017A02F /* Reachability.h */,
				868F0FEB16CEC6760017A02F /* Reachability.m */,
				8687035316D0189E009DA8B6 /* UBBson.h */,
				8687035416D0189E009DA8B6 /* UBBson.m */,
				27ABD4F016C995870051411E /* DWTagList.h */,
				27ABD4F116C995870051411E /* DWTagList.m */,
				86D51E2A16B9B1BE00C129F6 /* UBUser.h */,
				86D51E2B16B9B1BE00C129F6 /* UBUser.m */,
				860C51AB16C168EA00C16B65 /* UBFunctions.h */,
				860C51AC16C168EA00C16B65 /* UBFunctions.m */,
				860C51AE16C17C2E00C16B65 /* UBDate.h */,
				860C51AF16C17C2F00C16B65 /* UBDate.m */,
				86B6B68716C2F6E60027F087 /* UBAlert.h */,
				86B6B68816C2F6E60027F087 /* UBAlert.m */,
				86D0515F16C82AAA00BF026A /* UBRequest.h */,
				86D0516016C82AAA00BF026A /* UBRequest.m */,
			);
			name = Helpers;
			sourceTree = "<group>";
		};
/* End PBXGroup section */

/* Begin PBXNativeTarget section */
		860268D516B9811D002C6577 /* Unison Brain */ = {
			isa = PBXNativeTarget;
			buildConfigurationList = 8602690E16B9811D002C6577 /* Build configuration list for PBXNativeTarget "Unison Brain" */;
			buildPhases = (
				860268D216B9811D002C6577 /* Sources */,
				860268D316B9811D002C6577 /* Frameworks */,
				860268D416B9811D002C6577 /* Resources */,
			);
			buildRules = (
			);
			dependencies = (
			);
			name = "Unison Brain";
			productName = "Unison Brain";
			productReference = 860268D616B9811D002C6577 /* Unison Brain.app */;
			productType = "com.apple.product-type.application";
		};
		860268FA16B9811D002C6577 /* Unison BrainTests */ = {
			isa = PBXNativeTarget;
			buildConfigurationList = 8602691116B9811D002C6577 /* Build configuration list for PBXNativeTarget "Unison BrainTests" */;
			buildPhases = (
				860268F616B9811D002C6577 /* Sources */,
				860268F716B9811D002C6577 /* Frameworks */,
				860268F816B9811D002C6577 /* Resources */,
				860268F916B9811D002C6577 /* ShellScript */,
			);
			buildRules = (
			);
			dependencies = (
				8602690216B9811D002C6577 /* PBXTargetDependency */,
			);
			name = "Unison BrainTests";
			productName = "Unison BrainTests";
			productReference = 860268FB16B9811D002C6577 /* Unison BrainTests.octest */;
			productType = "com.apple.product-type.bundle";
		};
/* End PBXNativeTarget section */

/* Begin PBXProject section */
		860268CE16B9811D002C6577 /* Project object */ = {
			isa = PBXProject;
			attributes = {
				CLASSPREFIX = UB;
				LastUpgradeCheck = 0460;
				ORGANIZATIONNAME = "Kyle Warren";
			};
			buildConfigurationList = 860268D116B9811D002C6577 /* Build configuration list for PBXProject "Unison Brain" */;
			compatibilityVersion = "Xcode 3.2";
			developmentRegion = English;
			hasScannedForEncodings = 0;
			knownRegions = (
				en,
			);
			mainGroup = 860268CD16B9811D002C6577;
			productRefGroup = 860268D716B9811D002C6577 /* Products */;
			projectDirPath = "";
			projectRoot = "";
			targets = (
				860268D516B9811D002C6577 /* Unison Brain */,
				860268FA16B9811D002C6577 /* Unison BrainTests */,
			);
		};
/* End PBXProject section */

/* Begin PBXResourcesBuildPhase section */
		860268D416B9811D002C6577 /* Resources */ = {
			isa = PBXResourcesBuildPhase;
			buildActionMask = 2147483647;
			files = (
				860268E616B9811D002C6577 /* InfoPlist.strings in Resources */,
				860268EE16B9811D002C6577 /* Default.png in Resources */,
				860268F016B9811D002C6577 /* Default@2x.png in Resources */,
				860268F216B9811D002C6577 /* Default-568h@2x.png in Resources */,
				271E2AB716C80436009D4CE2 /* ConferenceView.xib in Resources */,
				271E2B0C16C95F3B009D4CE2 /* Default-Landscape@2x~ipad.png in Resources */,
				271E2B0E16C95F3F009D4CE2 /* Default-Landscape~ipad.png in Resources */,
				271E2B1016C95F55009D4CE2 /* appicon~ipad.png in Resources */,
				271E2B1216C95F5C009D4CE2 /* appicon~ipad@2x.png in Resources */,
			);
			runOnlyForDeploymentPostprocessing = 0;
		};
		860268F816B9811D002C6577 /* Resources */ = {
			isa = PBXResourcesBuildPhase;
			buildActionMask = 2147483647;
			files = (
				8602690816B9811D002C6577 /* InfoPlist.strings in Resources */,
			);
			runOnlyForDeploymentPostprocessing = 0;
		};
/* End PBXResourcesBuildPhase section */

/* Begin PBXShellScriptBuildPhase section */
		860268F916B9811D002C6577 /* ShellScript */ = {
			isa = PBXShellScriptBuildPhase;
			buildActionMask = 2147483647;
			files = (
			);
			inputPaths = (
			);
			outputPaths = (
			);
			runOnlyForDeploymentPostprocessing = 0;
			shellPath = /bin/sh;
			shellScript = "# Run the unit tests in this test bundle.\n\"${SYSTEM_DEVELOPER_DIR}/Tools/RunUnitTests\"\n";
		};
/* End PBXShellScriptBuildPhase section */

/* Begin PBXSourcesBuildPhase section */
		860268D216B9811D002C6577 /* Sources */ = {
			isa = PBXSourcesBuildPhase;
			buildActionMask = 2147483647;
			files = (
				860268E816B9811D002C6577 /* main.m in Sources */,
				860268EC16B9811D002C6577 /* UBAppDelegate.m in Sources */,
				860268F516B9811D002C6577 /* Unison_Brain.xcdatamodeld in Sources */,
				86D51E2716B9ABD200C129F6 /* UBHomeViewController.m in Sources */,
				86D51E2C16B9B1BE00C129F6 /* UBUser.m in Sources */,
				86D51E2F16B9B8ED00C129F6 /* UBSession.m in Sources */,
				86D51E3216B9B8ED00C129F6 /* UBTeacher.m in Sources */,
				86D51E3516B9B8ED00C129F6 /* UBStudent.m in Sources */,
				86D51E3816B9B8ED00C129F6 /* UBConference.m in Sources */,
				86D51E3B16B9B8ED00C129F6 /* UBBreach.m in Sources */,
				86D51E3E16B9B8ED00C129F6 /* UBSubject.m in Sources */,
				86D51E4116B9B8ED00C129F6 /* UBPerson.m in Sources */,
				86D51E4416B9B8ED00C129F6 /* UBCodeScore.m in Sources */,
				86D51E4716B9B8ED00C129F6 /* UBContribution.m in Sources */,
				86D51E4A16B9B8ED00C129F6 /* UBCode.m in Sources */,
				860C519416BC19DD00C16B65 /* UBSessionsViewController.m in Sources */,
				860C519716BC24E500C16B65 /* UBHomeView.m in Sources */,
				860C519A16BC2F9500C16B65 /* UBModel.m in Sources */,
				860C519D16BC349800C16B65 /* UBSessionViewController.m in Sources */,
				860C51A016BC525200C16B65 /* UBSessionView.m in Sources */,
				860C51A316BC55BB00C16B65 /* UBStudentSelectorView.m in Sources */,
				860C51A616C04A3E00C16B65 /* UBStudentListViewController.m in Sources */,
				860C51AD16C168EA00C16B65 /* UBFunctions.m in Sources */,
				860C51B016C17C2F00C16B65 /* UBDate.m in Sources */,
				86B6B68916C2F6E60027F087 /* UBAlert.m in Sources */,
				86B6B68C16C31D190027F087 /* UBContributionCell.m in Sources */,
				863F417A16C4393A00DACB64 /* UBCodesViewController.m in Sources */,
				863F417D16C439D800DACB64 /* UBSearchListViewController.m in Sources */,
				86547C2116C56867000D54F1 /* UBBreachHeaderView.m in Sources */,
				271E2ABA16C840A9009D4CE2 /* UBCodeType.m in Sources */,
				86D0516116C82AAA00BF026A /* UBRequest.m in Sources */,
				271E2ABD16C867A1009D4CE2 /* UBDatePickerViewController.m in Sources */,
				27ABD4F216C995870051411E /* DWTagList.m in Sources */,
				868F0FEC16CEC6760017A02F /* Reachability.m in Sources */,
				8687035516D0189E009DA8B6 /* UBBson.m in Sources */,
				8687035816D0367D009DA8B6 /* UBLoginViewController.m in Sources */,
				8687035B16D036A6009DA8B6 /* UBLoginView.m in Sources */,
				869A5D5016D2D08D003A6CF5 /* MBProgressHUD.m in Sources */,
				86A3875F16D3E3D0008CA93B /* UBStudentViewController.m in Sources */,
				86A3876216D3E49B008CA93B /* UBStudentView.m in Sources */,
				86A3876516D41DE7008CA93B /* UBModelTableViewController.m in Sources */,
				86A3876816D42804008CA93B /* UBContributionsViewController.m in Sources */,
				86F1852716D69F0200533DC5 /* UBCodeScoresViewController.m in Sources */,
				86046B3E16DBB28B009F6468 /* UBConferenceCommentViewController.m in Sources */,
				86046B4116DBB833009F6468 /* UBConferencesViewController.m in Sources */,
			);
			runOnlyForDeploymentPostprocessing = 0;
		};
		860268F616B9811D002C6577 /* Sources */ = {
			isa = PBXSourcesBuildPhase;
			buildActionMask = 2147483647;
			files = (
				8602690B16B9811D002C6577 /* Unison_BrainTests.m in Sources */,
				27ABD4F316C995870051411E /* DWTagList.m in Sources */,
				868F0FED16CEC6760017A02F /* Reachability.m in Sources */,
				869A5D5116D2D08D003A6CF5 /* MBProgressHUD.m in Sources */,
			);
			runOnlyForDeploymentPostprocessing = 0;
		};
/* End PBXSourcesBuildPhase section */

/* Begin PBXTargetDependency section */
		8602690216B9811D002C6577 /* PBXTargetDependency */ = {
			isa = PBXTargetDependency;
			target = 860268D516B9811D002C6577 /* Unison Brain */;
			targetProxy = 8602690116B9811D002C6577 /* PBXContainerItemProxy */;
		};
/* End PBXTargetDependency section */

/* Begin PBXVariantGroup section */
		860268E416B9811D002C6577 /* InfoPlist.strings */ = {
			isa = PBXVariantGroup;
			children = (
				860268E516B9811D002C6577 /* en */,
			);
			name = InfoPlist.strings;
			sourceTree = "<group>";
		};
		8602690616B9811D002C6577 /* InfoPlist.strings */ = {
			isa = PBXVariantGroup;
			children = (
				8602690716B9811D002C6577 /* en */,
			);
			name = InfoPlist.strings;
			sourceTree = "<group>";
		};
/* End PBXVariantGroup section */

/* Begin XCBuildConfiguration section */
		8602690C16B9811D002C6577 /* Debug */ = {
			isa = XCBuildConfiguration;
			buildSettings = {
				ALWAYS_SEARCH_USER_PATHS = NO;
				CLANG_CXX_LANGUAGE_STANDARD = "gnu++0x";
				CLANG_CXX_LIBRARY = "libc++";
				CLANG_ENABLE_OBJC_ARC = YES;
				CLANG_WARN_CONSTANT_CONVERSION = YES;
				CLANG_WARN_EMPTY_BODY = YES;
				CLANG_WARN_ENUM_CONVERSION = YES;
				CLANG_WARN_INT_CONVERSION = YES;
				CLANG_WARN__DUPLICATE_METHOD_MATCH = YES;
				"CODE_SIGN_IDENTITY[sdk=iphoneos*]" = "iPhone Developer";
				COPY_PHASE_STRIP = NO;
				GCC_C_LANGUAGE_STANDARD = gnu99;
				GCC_DYNAMIC_NO_PIC = NO;
				GCC_OPTIMIZATION_LEVEL = 0;
				GCC_PREPROCESSOR_DEFINITIONS = (
					"DEBUG=1",
					"$(inherited)",
				);
				GCC_SYMBOLS_PRIVATE_EXTERN = NO;
				GCC_WARN_ABOUT_RETURN_TYPE = YES;
				GCC_WARN_UNINITIALIZED_AUTOS = YES;
				GCC_WARN_UNUSED_VARIABLE = YES;
				IPHONEOS_DEPLOYMENT_TARGET = 6.1;
				ONLY_ACTIVE_ARCH = YES;
				SDKROOT = iphoneos;
				TARGETED_DEVICE_FAMILY = "1,2";
			};
			name = Debug;
		};
		8602690D16B9811D002C6577 /* Release */ = {
			isa = XCBuildConfiguration;
			buildSettings = {
				ALWAYS_SEARCH_USER_PATHS = NO;
				CLANG_CXX_LANGUAGE_STANDARD = "gnu++0x";
				CLANG_CXX_LIBRARY = "libc++";
				CLANG_ENABLE_OBJC_ARC = YES;
				CLANG_WARN_CONSTANT_CONVERSION = YES;
				CLANG_WARN_EMPTY_BODY = YES;
				CLANG_WARN_ENUM_CONVERSION = YES;
				CLANG_WARN_INT_CONVERSION = YES;
				CLANG_WARN__DUPLICATE_METHOD_MATCH = YES;
				"CODE_SIGN_IDENTITY[sdk=iphoneos*]" = "iPhone Developer";
				COPY_PHASE_STRIP = YES;
				GCC_C_LANGUAGE_STANDARD = gnu99;
				GCC_WARN_ABOUT_RETURN_TYPE = YES;
				GCC_WARN_UNINITIALIZED_AUTOS = YES;
				GCC_WARN_UNUSED_VARIABLE = YES;
				IPHONEOS_DEPLOYMENT_TARGET = 6.1;
				OTHER_CFLAGS = "-DNS_BLOCK_ASSERTIONS=1";
				SDKROOT = iphoneos;
				TARGETED_DEVICE_FAMILY = "1,2";
				VALIDATE_PRODUCT = YES;
			};
			name = Release;
		};
		8602690F16B9811D002C6577 /* Debug */ = {
			isa = XCBuildConfiguration;
			buildSettings = {
				GCC_PRECOMPILE_PREFIX_HEADER = YES;
				GCC_PREFIX_HEADER = "Unison Brain/Unison Brain-Prefix.pch";
				INFOPLIST_FILE = "Unison Brain/Unison Brain-Info.plist";
				PRODUCT_NAME = "$(TARGET_NAME)";
				TARGETED_DEVICE_FAMILY = 2;
				WRAPPER_EXTENSION = app;
			};
			name = Debug;
		};
		8602691016B9811D002C6577 /* Release */ = {
			isa = XCBuildConfiguration;
			buildSettings = {
				GCC_PRECOMPILE_PREFIX_HEADER = YES;
				GCC_PREFIX_HEADER = "Unison Brain/Unison Brain-Prefix.pch";
				INFOPLIST_FILE = "Unison Brain/Unison Brain-Info.plist";
				PRODUCT_NAME = "$(TARGET_NAME)";
				TARGETED_DEVICE_FAMILY = 2;
				WRAPPER_EXTENSION = app;
			};
			name = Release;
		};
		8602691216B9811D002C6577 /* Debug */ = {
			isa = XCBuildConfiguration;
			buildSettings = {
				BUNDLE_LOADER = "$(BUILT_PRODUCTS_DIR)/Unison Brain.app/Unison Brain";
				FRAMEWORK_SEARCH_PATHS = (
					"\"$(SDKROOT)/Developer/Library/Frameworks\"",
					"\"$(DEVELOPER_LIBRARY_DIR)/Frameworks\"",
				);
				GCC_PRECOMPILE_PREFIX_HEADER = YES;
				GCC_PREFIX_HEADER = "Unison Brain/Unison Brain-Prefix.pch";
				INFOPLIST_FILE = "Unison BrainTests/Unison BrainTests-Info.plist";
				PRODUCT_NAME = "$(TARGET_NAME)";
				TEST_HOST = "$(BUNDLE_LOADER)";
				WRAPPER_EXTENSION = octest;
			};
			name = Debug;
		};
		8602691316B9811D002C6577 /* Release */ = {
			isa = XCBuildConfiguration;
			buildSettings = {
				BUNDLE_LOADER = "$(BUILT_PRODUCTS_DIR)/Unison Brain.app/Unison Brain";
				FRAMEWORK_SEARCH_PATHS = (
					"\"$(SDKROOT)/Developer/Library/Frameworks\"",
					"\"$(DEVELOPER_LIBRARY_DIR)/Frameworks\"",
				);
				GCC_PRECOMPILE_PREFIX_HEADER = YES;
				GCC_PREFIX_HEADER = "Unison Brain/Unison Brain-Prefix.pch";
				INFOPLIST_FILE = "Unison BrainTests/Unison BrainTests-Info.plist";
				PRODUCT_NAME = "$(TARGET_NAME)";
				TEST_HOST = "$(BUNDLE_LOADER)";
				WRAPPER_EXTENSION = octest;
			};
			name = Release;
		};
/* End XCBuildConfiguration section */

/* Begin XCConfigurationList section */
		860268D116B9811D002C6577 /* Build configuration list for PBXProject "Unison Brain" */ = {
			isa = XCConfigurationList;
			buildConfigurations = (
				8602690C16B9811D002C6577 /* Debug */,
				8602690D16B9811D002C6577 /* Release */,
			);
			defaultConfigurationIsVisible = 0;
			defaultConfigurationName = Release;
		};
		8602690E16B9811D002C6577 /* Build configuration list for PBXNativeTarget "Unison Brain" */ = {
			isa = XCConfigurationList;
			buildConfigurations = (
				8602690F16B9811D002C6577 /* Debug */,
				8602691016B9811D002C6577 /* Release */,
			);
			defaultConfigurationIsVisible = 0;
			defaultConfigurationName = Release;
		};
		8602691116B9811D002C6577 /* Build configuration list for PBXNativeTarget "Unison BrainTests" */ = {
			isa = XCConfigurationList;
			buildConfigurations = (
				8602691216B9811D002C6577 /* Debug */,
				8602691316B9811D002C6577 /* Release */,
			);
			defaultConfigurationIsVisible = 0;
			defaultConfigurationName = Release;
		};
/* End XCConfigurationList section */

/* Begin XCVersionGroup section */
		860268F316B9811D002C6577 /* Unison_Brain.xcdatamodeld */ = {
			isa = XCVersionGroup;
			children = (
				860268F416B9811D002C6577 /* Unison_Brain.xcdatamodel */,
			);
			currentVersion = 860268F416B9811D002C6577 /* Unison_Brain.xcdatamodel */;
			path = Unison_Brain.xcdatamodeld;
			sourceTree = "<group>";
			versionGroupType = wrapper.xcdatamodel;
		};
/* End XCVersionGroup section */
	};
	rootObject = 860268CE16B9811D002C6577 /* Project object */;
}
